// !$*UTF8*$!
{
	archiveVersion = 1;
	classes = {
	};
	objectVersion = 50;
	objects = {

/* Begin PBXBuildFile section */
		1F8A690D2221EB0B0091075F /* AppDelegate.swift in Sources */ = {isa = PBXBuildFile; fileRef = 1F8A690C2221EB0B0091075F /* AppDelegate.swift */; };
		1F8A69122221EB0B0091075F /* Main.storyboard in Resources */ = {isa = PBXBuildFile; fileRef = 1F8A69102221EB0B0091075F /* Main.storyboard */; };
		1F8A69142221EB0C0091075F /* Assets.xcassets in Resources */ = {isa = PBXBuildFile; fileRef = 1F8A69132221EB0C0091075F /* Assets.xcassets */; };
		1F8A69172221EB0C0091075F /* LaunchScreen.storyboard in Resources */ = {isa = PBXBuildFile; fileRef = 1F8A69152221EB0C0091075F /* LaunchScreen.storyboard */; };
		1F8A691F2221EB260091075F /* FlagViewController.swift in Sources */ = {isa = PBXBuildFile; fileRef = 1F8A691E2221EB260091075F /* FlagViewController.swift */; };
		1F8A69212221EB3C0091075F /* DetailViewController.swift in Sources */ = {isa = PBXBuildFile; fileRef = 1F8A69202221EB3C0091075F /* DetailViewController.swift */; };
		1F8A695C2221F0270091075F /* estonia@3x.png in Resources */ = {isa = PBXBuildFile; fileRef = 1F8A69382221F0250091075F /* estonia@3x.png */; };
		1F8A695E2221F0270091075F /* us@3x.png in Resources */ = {isa = PBXBuildFile; fileRef = 1F8A693A2221F0260091075F /* us@3x.png */; };
		1F8A69642221F0270091075F /* italy@3x.png in Resources */ = {isa = PBXBuildFile; fileRef = 1F8A69402221F0260091075F /* italy@3x.png */; };
		1F8A696C2221F0270091075F /* ireland@3x.png in Resources */ = {isa = PBXBuildFile; fileRef = 1F8A69482221F0260091075F /* ireland@3x.png */; };
		1F8A696E2221F0270091075F /* russia@3x.png in Resources */ = {isa = PBXBuildFile; fileRef = 1F8A694A2221F0260091075F /* russia@3x.png */; };
		1F8A696F2221F0270091075F /* poland@3x.png in Resources */ = {isa = PBXBuildFile; fileRef = 1F8A694B2221F0260091075F /* poland@3x.png */; };
		1F8A69762221F0270091075F /* monaco@3x.png in Resources */ = {isa = PBXBuildFile; fileRef = 1F8A69522221F0270091075F /* monaco@3x.png */; };
		1F8A69772221F0270091075F /* nigeria@3x.png in Resources */ = {isa = PBXBuildFile; fileRef = 1F8A69532221F0270091075F /* nigeria@3x.png */; };
		1F8A69792221F0270091075F /* germany@3x.png in Resources */ = {isa = PBXBuildFile; fileRef = 1F8A69552221F0270091075F /* germany@3x.png */; };
		1F8A697A2221F0270091075F /* france@3x.png in Resources */ = {isa = PBXBuildFile; fileRef = 1F8A69562221F0270091075F /* france@3x.png */; };
		1F8A697C2221F0270091075F /* spain@3x.png in Resources */ = {isa = PBXBuildFile; fileRef = 1F8A69582221F0270091075F /* spain@3x.png */; };
		1F8A697D2221F0270091075F /* uk@3x.png in Resources */ = {isa = PBXBuildFile; fileRef = 1F8A69592221F0270091075F /* uk@3x.png */; };
/* End PBXBuildFile section */

/* Begin PBXFileReference section */
		1F8A69092221EB0B0091075F /* Milestone1.app */ = {isa = PBXFileReference; explicitFileType = wrapper.application; includeInIndex = 0; path = Milestone1.app; sourceTree = BUILT_PRODUCTS_DIR; };
		1F8A690C2221EB0B0091075F /* AppDelegate.swift */ = {isa = PBXFileReference; lastKnownFileType = sourcecode.swift; path = AppDelegate.swift; sourceTree = "<group>"; };
		1F8A69112221EB0B0091075F /* Base */ = {isa = PBXFileReference; lastKnownFileType = file.storyboard; name = Base; path = Base.lproj/Main.storyboard; sourceTree = "<group>"; };
		1F8A69132221EB0C0091075F /* Assets.xcassets */ = {isa = PBXFileReference; lastKnownFileType = folder.assetcatalog; path = Assets.xcassets; sourceTree = "<group>"; };
		1F8A69162221EB0C0091075F /* Base */ = {isa = PBXFileReference; lastKnownFileType = file.storyboard; name = Base; path = Base.lproj/LaunchScreen.storyboard; sourceTree = "<group>"; };
		1F8A69182221EB0C0091075F /* Info.plist */ = {isa = PBXFileReference; lastKnownFileType = text.plist.xml; path = Info.plist; sourceTree = "<group>"; };
		1F8A691E2221EB260091075F /* FlagViewController.swift */ = {isa = PBXFileReference; lastKnownFileType = sourcecode.swift; path = FlagViewController.swift; sourceTree = "<group>"; };
		1F8A69202221EB3C0091075F /* DetailViewController.swift */ = {isa = PBXFileReference; lastKnownFileType = sourcecode.swift; path = DetailViewController.swift; sourceTree = "<group>"; };
		1F8A69382221F0250091075F /* estonia@3x.png */ = {isa = PBXFileReference; lastKnownFileType = image.png; path = "estonia@3x.png"; sourceTree = "<group>"; };
		1F8A693A2221F0260091075F /* us@3x.png */ = {isa = PBXFileReference; lastKnownFileType = image.png; path = "us@3x.png"; sourceTree = "<group>"; };
		1F8A69402221F0260091075F /* italy@3x.png */ = {isa = PBXFileReference; lastKnownFileType = image.png; path = "italy@3x.png"; sourceTree = "<group>"; };
		1F8A69482221F0260091075F /* ireland@3x.png */ = {isa = PBXFileReference; lastKnownFileType = image.png; path = "ireland@3x.png"; sourceTree = "<group>"; };
		1F8A694A2221F0260091075F /* russia@3x.png */ = {isa = PBXFileReference; lastKnownFileType = image.png; path = "russia@3x.png"; sourceTree = "<group>"; };
		1F8A694B2221F0260091075F /* poland@3x.png */ = {isa = PBXFileReference; lastKnownFileType = image.png; path = "poland@3x.png"; sourceTree = "<group>"; };
		1F8A69522221F0270091075F /* monaco@3x.png */ = {isa = PBXFileReference; lastKnownFileType = image.png; path = "monaco@3x.png"; sourceTree = "<group>"; };
		1F8A69532221F0270091075F /* nigeria@3x.png */ = {isa = PBXFileReference; lastKnownFileType = image.png; path = "nigeria@3x.png"; sourceTree = "<group>"; };
		1F8A69552221F0270091075F /* germany@3x.png */ = {isa = PBXFileReference; lastKnownFileType = image.png; path = "germany@3x.png"; sourceTree = "<group>"; };
		1F8A69562221F0270091075F /* france@3x.png */ = {isa = PBXFileReference; lastKnownFileType = image.png; path = "france@3x.png"; sourceTree = "<group>"; };
		1F8A69582221F0270091075F /* spain@3x.png */ = {isa = PBXFileReference; lastKnownFileType = image.png; path = "spain@3x.png"; sourceTree = "<group>"; };
		1F8A69592221F0270091075F /* uk@3x.png */ = {isa = PBXFileReference; lastKnownFileType = image.png; path = "uk@3x.png"; sourceTree = "<group>"; };
/* End PBXFileReference section */

/* Begin PBXFrameworksBuildPhase section */
		1F8A69062221EB0B0091075F /* Frameworks */ = {
			isa = PBXFrameworksBuildPhase;
			buildActionMask = 2147483647;
			files = (
			);
			runOnlyForDeploymentPostprocessing = 0;
		};
/* End PBXFrameworksBuildPhase section */

/* Begin PBXGroup section */
		1F8A69002221EB0B0091075F = {
			isa = PBXGroup;
			children = (
				1F8A690B2221EB0B0091075F /* Milestone1 */,
				1F8A690A2221EB0B0091075F /* Products */,
			);
			sourceTree = "<group>";
		};
		1F8A690A2221EB0B0091075F /* Products */ = {
			isa = PBXGroup;
			children = (
				1F8A69092221EB0B0091075F /* Milestone1.app */,
			);
			name = Products;
			sourceTree = "<group>";
		};
		1F8A690B2221EB0B0091075F /* Milestone1 */ = {
			isa = PBXGroup;
			children = (
				1F8A69202221EB3C0091075F /* DetailViewController.swift */,
				1F8A691E2221EB260091075F /* FlagViewController.swift */,
				1F8A69102221EB0B0091075F /* Main.storyboard */,
				1F8A69132221EB0C0091075F /* Assets.xcassets */,
				1F8A69372221EECA0091075F /* Flags */,
				1F8A690C2221EB0B0091075F /* AppDelegate.swift */,
				1F8A69152221EB0C0091075F /* LaunchScreen.storyboard */,
				1F8A69182221EB0C0091075F /* Info.plist */,
			);
			path = Milestone1;
			sourceTree = "<group>";
		};
		1F8A69372221EECA0091075F /* Flags */ = {
			isa = PBXGroup;
			children = (
				1F8A69382221F0250091075F /* estonia@3x.png */,
				1F8A69562221F0270091075F /* france@3x.png */,
				1F8A69552221F0270091075F /* germany@3x.png */,
				1F8A69482221F0260091075F /* ireland@3x.png */,
				1F8A69402221F0260091075F /* italy@3x.png */,
				1F8A69522221F0270091075F /* monaco@3x.png */,
				1F8A69532221F0270091075F /* nigeria@3x.png */,
				1F8A694B2221F0260091075F /* poland@3x.png */,
				1F8A694A2221F0260091075F /* russia@3x.png */,
				1F8A69582221F0270091075F /* spain@3x.png */,
				1F8A69592221F0270091075F /* uk@3x.png */,
				1F8A693A2221F0260091075F /* us@3x.png */,
			);
			path = Flags;
			sourceTree = "<group>";
		};
/* End PBXGroup section */

/* Begin PBXNativeTarget section */
		1F8A69082221EB0B0091075F /* Milestone1 */ = {
			isa = PBXNativeTarget;
			buildConfigurationList = 1F8A691B2221EB0C0091075F /* Build configuration list for PBXNativeTarget "Milestone1" */;
			buildPhases = (
				1F8A69052221EB0B0091075F /* Sources */,
				1F8A69062221EB0B0091075F /* Frameworks */,
				1F8A69072221EB0B0091075F /* Resources */,
			);
			buildRules = (
			);
			dependencies = (
			);
			name = Milestone1;
			productName = Milestone1;
			productReference = 1F8A69092221EB0B0091075F /* Milestone1.app */;
			productType = "com.apple.product-type.application";
		};
/* End PBXNativeTarget section */

/* Begin PBXProject section */
		1F8A69012221EB0B0091075F /* Project object */ = {
			isa = PBXProject;
			attributes = {
				LastSwiftUpdateCheck = 1010;
				LastUpgradeCheck = 1010;
				ORGANIZATIONNAME = "Shawn Bierman";
				TargetAttributes = {
					1F8A69082221EB0B0091075F = {
						CreatedOnToolsVersion = 10.1;
					};
				};
			};
			buildConfigurationList = 1F8A69042221EB0B0091075F /* Build configuration list for PBXProject "Milestone1" */;
			compatibilityVersion = "Xcode 9.3";
			developmentRegion = en;
			hasScannedForEncodings = 0;
			knownRegions = (
				en,
				Base,
			);
			mainGroup = 1F8A69002221EB0B0091075F;
			productRefGroup = 1F8A690A2221EB0B0091075F /* Products */;
			projectDirPath = "";
			projectRoot = "";
			targets = (
				1F8A69082221EB0B0091075F /* Milestone1 */,
			);
		};
/* End PBXProject section */

/* Begin PBXResourcesBuildPhase section */
		1F8A69072221EB0B0091075F /* Resources */ = {
			isa = PBXResourcesBuildPhase;
			buildActionMask = 2147483647;
			files = (
				1F8A69172221EB0C0091075F /* LaunchScreen.storyboard in Resources */,
				1F8A69142221EB0C0091075F /* Assets.xcassets in Resources */,
				1F8A696C2221F0270091075F /* ireland@3x.png in Resources */,
				1F8A696E2221F0270091075F /* russia@3x.png in Resources */,
				1F8A69122221EB0B0091075F /* Main.storyboard in Resources */,
				1F8A69772221F0270091075F /* nigeria@3x.png in Resources */,
				1F8A69792221F0270091075F /* germany@3x.png in Resources */,
				1F8A695E2221F0270091075F /* us@3x.png in Resources */,
				1F8A69762221F0270091075F /* monaco@3x.png in Resources */,
				1F8A697C2221F0270091075F /* spain@3x.png in Resources */,
				1F8A695C2221F0270091075F /* estonia@3x.png in Resources */,
				1F8A696F2221F0270091075F /* poland@3x.png in Resources */,
				1F8A69642221F0270091075F /* italy@3x.png in Resources */,
				1F8A697D2221F0270091075F /* uk@3x.png in Resources */,
				1F8A697A2221F0270091075F /* france@3x.png in Resources */,
			);
			runOnlyForDeploymentPostprocessing = 0;
		};
/* End PBXResourcesBuildPhase section */

/* Begin PBXSourcesBuildPhase section */
		1F8A69052221EB0B0091075F /* Sources */ = {
			isa = PBXSourcesBuildPhase;
			buildActionMask = 2147483647;
			files = (
				1F8A69212221EB3C0091075F /* DetailViewController.swift in Sources */,
				1F8A691F2221EB260091075F /* FlagViewController.swift in Sources */,
				1F8A690D2221EB0B0091075F /* AppDelegate.swift in Sources */,
			);
			runOnlyForDeploymentPostprocessing = 0;
		};
/* End PBXSourcesBuildPhase section */

/* Begin PBXVariantGroup section */
		1F8A69102221EB0B0091075F /* Main.storyboard */ = {
			isa = PBXVariantGroup;
			children = (
				1F8A69112221EB0B0091075F /* Base */,
			);
			name = Main.storyboard;
			sourceTree = "<group>";
		};
		1F8A69152221EB0C0091075F /* LaunchScreen.storyboard */ = {
			isa = PBXVariantGroup;
			children = (
				1F8A69162221EB0C0091075F /* Base */,
			);
			name = LaunchScreen.storyboard;
			sourceTree = "<group>";
		};
/* End PBXVariantGroup section */

/* Begin XCBuildConfiguration section */
		1F8A69192221EB0C0091075F /* Debug */ = {
			isa = XCBuildConfiguration;
			buildSettings = {
				ALWAYS_SEARCH_USER_PATHS = NO;
				CLANG_ANALYZER_NONNULL = YES;
				CLANG_ANALYZER_NUMBER_OBJECT_CONVERSION = YES_AGGRESSIVE;
				CLANG_CXX_LANGUAGE_STANDARD = "gnu++14";
				CLANG_CXX_LIBRARY = "libc++";
				CLANG_ENABLE_MODULES = YES;
				CLANG_ENABLE_OBJC_ARC = YES;
				CLANG_ENABLE_OBJC_WEAK = YES;
				CLANG_WARN_BLOCK_CAPTURE_AUTORELEASING = YES;
				CLANG_WARN_BOOL_CONVERSION = YES;
				CLANG_WARN_COMMA = YES;
				CLANG_WARN_CONSTANT_CONVERSION = YES;
				CLANG_WARN_DEPRECATED_OBJC_IMPLEMENTATIONS = YES;
				CLANG_WARN_DIRECT_OBJC_ISA_USAGE = YES_ERROR;
				CLANG_WARN_DOCUMENTATION_COMMENTS = YES;
				CLANG_WARN_EMPTY_BODY = YES;
				CLANG_WARN_ENUM_CONVERSION = YES;
				CLANG_WARN_INFINITE_RECURSION = YES;
				CLANG_WARN_INT_CONVERSION = YES;
				CLANG_WARN_NON_LITERAL_NULL_CONVERSION = YES;
				CLANG_WARN_OBJC_IMPLICIT_RETAIN_SELF = YES;
				CLANG_WARN_OBJC_LITERAL_CONVERSION = YES;
				CLANG_WARN_OBJC_ROOT_CLASS = YES_ERROR;
				CLANG_WARN_RANGE_LOOP_ANALYSIS = YES;
				CLANG_WARN_STRICT_PROTOTYPES = YES;
				CLANG_WARN_SUSPICIOUS_MOVE = YES;
				CLANG_WARN_UNGUARDED_AVAILABILITY = YES_AGGRESSIVE;
				CLANG_WARN_UNREACHABLE_CODE = YES;
				CLANG_WARN__DUPLICATE_METHOD_MATCH = YES;
				CODE_SIGN_IDENTITY = "iPhone Developer";
				COPY_PHASE_STRIP = NO;
				DEBUG_INFORMATION_FORMAT = dwarf;
				ENABLE_STRICT_OBJC_MSGSEND = YES;
				ENABLE_TESTABILITY = YES;
				GCC_C_LANGUAGE_STANDARD = gnu11;
				GCC_DYNAMIC_NO_PIC = NO;
				GCC_NO_COMMON_BLOCKS = YES;
				GCC_OPTIMIZATION_LEVEL = 0;
				GCC_PREPROCESSOR_DEFINITIONS = (
					"DEBUG=1",
					"$(inherited)",
				);
				GCC_WARN_64_TO_32_BIT_CONVERSION = YES;
				GCC_WARN_ABOUT_RETURN_TYPE = YES_ERROR;
				GCC_WARN_UNDECLARED_SELECTOR = YES;
				GCC_WARN_UNINITIALIZED_AUTOS = YES_AGGRESSIVE;
				GCC_WARN_UNUSED_FUNCTION = YES;
				GCC_WARN_UNUSED_VARIABLE = YES;
				IPHONEOS_DEPLOYMENT_TARGET = 12.1;
				MTL_ENABLE_DEBUG_INFO = INCLUDE_SOURCE;
				MTL_FAST_MATH = YES;
				ONLY_ACTIVE_ARCH = YES;
				SDKROOT = iphoneos;
				SWIFT_ACTIVE_COMPILATION_CONDITIONS = DEBUG;
				SWIFT_OPTIMIZATION_LEVEL = "-Onone";
			};
			name = Debug;
		};
		1F8A691A2221EB0C0091075F /* Release */ = {
			isa = XCBuildConfiguration;
			buildSettings = {
				ALWAYS_SEARCH_USER_PATHS = NO;
				CLANG_ANALYZER_NONNULL = YES;
				CLANG_ANALYZER_NUMBER_OBJECT_CONVERSION = YES_AGGRESSIVE;
				CLANG_CXX_LANGUAGE_STANDARD = "gnu++14";
				CLANG_CXX_LIBRARY = "libc++";
				CLANG_ENABLE_MODULES = YES;
				CLANG_ENABLE_OBJC_ARC = YES;
				CLANG_ENABLE_OBJC_WEAK = YES;
				CLANG_WARN_BLOCK_CAPTURE_AUTORELEASING = YES;
				CLANG_WARN_BOOL_CONVERSION = YES;
				CLANG_WARN_COMMA = YES;
				CLANG_WARN_CONSTANT_CONVERSION = YES;
				CLANG_WARN_DEPRECATED_OBJC_IMPLEMENTATIONS = YES;
				CLANG_WARN_DIRECT_OBJC_ISA_USAGE = YES_ERROR;
				CLANG_WARN_DOCUMENTATION_COMMENTS = YES;
				CLANG_WARN_EMPTY_BODY = YES;
				CLANG_WARN_ENUM_CONVERSION = YES;
				CLANG_WARN_INFINITE_RECURSION = YES;
				CLANG_WARN_INT_CONVERSION = YES;
				CLANG_WARN_NON_LITERAL_NULL_CONVERSION = YES;
				CLANG_WARN_OBJC_IMPLICIT_RETAIN_SELF = YES;
				CLANG_WARN_OBJC_LITERAL_CONVERSION = YES;
				CLANG_WARN_OBJC_ROOT_CLASS = YES_ERROR;
				CLANG_WARN_RANGE_LOOP_ANALYSIS = YES;
				CLANG_WARN_STRICT_PROTOTYPES = YES;
				CLANG_WARN_SUSPICIOUS_MOVE = YES;
				CLANG_WARN_UNGUARDED_AVAILABILITY = YES_AGGRESSIVE;
				CLANG_WARN_UNREACHABLE_CODE = YES;
				CLANG_WARN__DUPLICATE_METHOD_MATCH = YES;
				CODE_SIGN_IDENTITY = "iPhone Developer";
				COPY_PHASE_STRIP = NO;
				DEBUG_INFORMATION_FORMAT = "dwarf-with-dsym";
				ENABLE_NS_ASSERTIONS = NO;
				ENABLE_STRICT_OBJC_MSGSEND = YES;
				GCC_C_LANGUAGE_STANDARD = gnu11;
				GCC_NO_COMMON_BLOCKS = YES;
				GCC_WARN_64_TO_32_BIT_CONVERSION = YES;
				GCC_WARN_ABOUT_RETURN_TYPE = YES_ERROR;
				GCC_WARN_UNDECLARED_SELECTOR = YES;
				GCC_WARN_UNINITIALIZED_AUTOS = YES_AGGRESSIVE;
				GCC_WARN_UNUSED_FUNCTION = YES;
				GCC_WARN_UNUSED_VARIABLE = YES;
				IPHONEOS_DEPLOYMENT_TARGET = 12.1;
				MTL_ENABLE_DEBUG_INFO = NO;
				MTL_FAST_MATH = YES;
				SDKROOT = iphoneos;
				SWIFT_COMPILATION_MODE = wholemodule;
				SWIFT_OPTIMIZATION_LEVEL = "-O";
				VALIDATE_PRODUCT = YES;
			};
			name = Release;
		};
		1F8A691C2221EB0C0091075F /* Debug */ = {
			isa = XCBuildConfiguration;
			buildSettings = {
				ASSETCATALOG_COMPILER_APPICON_NAME = AppIcon;
				CODE_SIGN_STYLE = Automatic;
				DEVELOPMENT_TEAM = TQPTGGXQ34;
				INFOPLIST_FILE = Milestone1/Info.plist;
				LD_RUNPATH_SEARCH_PATHS = (
					"$(inherited)",
					"@executable_path/Frameworks",
				);
				PRODUCT_BUNDLE_IDENTIFIER = com.shawnbierman.Milestone1;
				PRODUCT_NAME = "$(TARGET_NAME)";
				SWIFT_VERSION = 4.2;
				TARGETED_DEVICE_FAMILY = "1,2";
			};
			name = Debug;
		};
		1F8A691D2221EB0C0091075F /* Release */ = {
			isa = XCBuildConfiguration;
			buildSettings = {
				ASSETCATALOG_COMPILER_APPICON_NAME = AppIcon;
				CODE_SIGN_STYLE = Automatic;
				DEVELOPMENT_TEAM = TQPTGGXQ34;
				INFOPLIST_FILE = Milestone1/Info.plist;
				LD_RUNPATH_SEARCH_PATHS = (
					"$(inherited)",
					"@executable_path/Frameworks",
				);
				PRODUCT_BUNDLE_IDENTIFIER = com.shawnbierman.Milestone1;
				PRODUCT_NAME = "$(TARGET_NAME)";
				SWIFT_VERSION = 4.2;
				TARGETED_DEVICE_FAMILY = "1,2";
			};
			name = Release;
		};
/* End XCBuildConfiguration section */

/* Begin XCConfigurationList section */
		1F8A69042221EB0B0091075F /* Build configuration list for PBXProject "Milestone1" */ = {
			isa = XCConfigurationList;
			buildConfigurations = (
				1F8A69192221EB0C0091075F /* Debug */,
				1F8A691A2221EB0C0091075F /* Release */,
			);
			defaultConfigurationIsVisible = 0;
			defaultConfigurationName = Release;
		};
		1F8A691B2221EB0C0091075F /* Build configuration list for PBXNativeTarget "Milestone1" */ = {
			isa = XCConfigurationList;
			buildConfigurations = (
				1F8A691C2221EB0C0091075F /* Debug */,
				1F8A691D2221EB0C0091075F /* Release */,
			);
			defaultConfigurationIsVisible = 0;
			defaultConfigurationName = Release;
		};
/* End XCConfigurationList section */
	};
	rootObject = 1F8A69012221EB0B0091075F /* Project object */;
}
