// !$*UTF8*$!
{
	archiveVersion = 1;
	classes = {
	};
	objectVersion = 50;
	objects = {

/* Begin PBXBuildFile section */
		1FF890C722598CE700B58D71 /* AppDelegate.swift in Sources */ = {isa = PBXBuildFile; fileRef = 1FF890C622598CE700B58D71 /* AppDelegate.swift */; };
		1FF890C922598CE700B58D71 /* ViewController.swift in Sources */ = {isa = PBXBuildFile; fileRef = 1FF890C822598CE700B58D71 /* ViewController.swift */; };
		1FF890CC22598CE700B58D71 /* Main.storyboard in Resources */ = {isa = PBXBuildFile; fileRef = 1FF890CA22598CE700B58D71 /* Main.storyboard */; };
		1FF890CE22598CE800B58D71 /* Assets.xcassets in Resources */ = {isa = PBXBuildFile; fileRef = 1FF890CD22598CE800B58D71 /* Assets.xcassets */; };
		1FF890D122598CE800B58D71 /* LaunchScreen.storyboard in Resources */ = {isa = PBXBuildFile; fileRef = 1FF890CF22598CE800B58D71 /* LaunchScreen.storyboard */; };
		1FF890D922598CFA00B58D71 /* DetailViewController.swift in Sources */ = {isa = PBXBuildFile; fileRef = 1FF890D822598CFA00B58D71 /* DetailViewController.swift */; };
		1FF890DB22598D1600B58D71 /* Photo.swift in Sources */ = {isa = PBXBuildFile; fileRef = 1FF890DA22598D1600B58D71 /* Photo.swift */; };
/* End PBXBuildFile section */

/* Begin PBXFileReference section */
		1FF890C322598CE700B58D71 /* mileston4.app */ = {isa = PBXFileReference; explicitFileType = wrapper.application; includeInIndex = 0; path = mileston4.app; sourceTree = BUILT_PRODUCTS_DIR; };
		1FF890C622598CE700B58D71 /* AppDelegate.swift */ = {isa = PBXFileReference; lastKnownFileType = sourcecode.swift; path = AppDelegate.swift; sourceTree = "<group>"; };
		1FF890C822598CE700B58D71 /* ViewController.swift */ = {isa = PBXFileReference; lastKnownFileType = sourcecode.swift; path = ViewController.swift; sourceTree = "<group>"; };
		1FF890CB22598CE700B58D71 /* Base */ = {isa = PBXFileReference; lastKnownFileType = file.storyboard; name = Base; path = Base.lproj/Main.storyboard; sourceTree = "<group>"; };
		1FF890CD22598CE800B58D71 /* Assets.xcassets */ = {isa = PBXFileReference; lastKnownFileType = folder.assetcatalog; path = Assets.xcassets; sourceTree = "<group>"; };
		1FF890D022598CE800B58D71 /* Base */ = {isa = PBXFileReference; lastKnownFileType = file.storyboard; name = Base; path = Base.lproj/LaunchScreen.storyboard; sourceTree = "<group>"; };
		1FF890D222598CE800B58D71 /* Info.plist */ = {isa = PBXFileReference; lastKnownFileType = text.plist.xml; path = Info.plist; sourceTree = "<group>"; };
		1FF890D822598CFA00B58D71 /* DetailViewController.swift */ = {isa = PBXFileReference; fileEncoding = 4; lastKnownFileType = sourcecode.swift; name = DetailViewController.swift; path = ../../milestone4ss/milestone4/DetailViewController.swift; sourceTree = "<group>"; };
		1FF890DA22598D1600B58D71 /* Photo.swift */ = {isa = PBXFileReference; fileEncoding = 4; lastKnownFileType = sourcecode.swift; name = Photo.swift; path = ../../milestone4ss/milestone4/Photo.swift; sourceTree = "<group>"; };
/* End PBXFileReference section */

/* Begin PBXFrameworksBuildPhase section */
		1FF890C022598CE700B58D71 /* Frameworks */ = {
			isa = PBXFrameworksBuildPhase;
			buildActionMask = 2147483647;
			files = (
			);
			runOnlyForDeploymentPostprocessing = 0;
		};
/* End PBXFrameworksBuildPhase section */

/* Begin PBXGroup section */
		1FF890BA22598CE700B58D71 = {
			isa = PBXGroup;
			children = (
				1FF890C522598CE700B58D71 /* mileston4 */,
				1FF890C422598CE700B58D71 /* Products */,
			);
			sourceTree = "<group>";
		};
		1FF890C422598CE700B58D71 /* Products */ = {
			isa = PBXGroup;
			children = (
				1FF890C322598CE700B58D71 /* mileston4.app */,
			);
			name = Products;
			sourceTree = "<group>";
		};
		1FF890C522598CE700B58D71 /* mileston4 */ = {
			isa = PBXGroup;
			children = (
				1FF890D822598CFA00B58D71 /* DetailViewController.swift */,
				1FF890C822598CE700B58D71 /* ViewController.swift */,
				1FF890C622598CE700B58D71 /* AppDelegate.swift */,
				1FF890DA22598D1600B58D71 /* Photo.swift */,
				1FF890CA22598CE700B58D71 /* Main.storyboard */,
				1FF890CD22598CE800B58D71 /* Assets.xcassets */,
				1FF890CF22598CE800B58D71 /* LaunchScreen.storyboard */,
				1FF890D222598CE800B58D71 /* Info.plist */,
			);
			path = mileston4;
			sourceTree = "<group>";
		};
/* End PBXGroup section */

/* Begin PBXNativeTarget section */
		1FF890C222598CE700B58D71 /* mileston4 */ = {
			isa = PBXNativeTarget;
			buildConfigurationList = 1FF890D522598CE800B58D71 /* Build configuration list for PBXNativeTarget "mileston4" */;
			buildPhases = (
				1FF890BF22598CE700B58D71 /* Sources */,
				1FF890C022598CE700B58D71 /* Frameworks */,
				1FF890C122598CE700B58D71 /* Resources */,
			);
			buildRules = (
			);
			dependencies = (
			);
			name = mileston4;
			productName = mileston4;
			productReference = 1FF890C322598CE700B58D71 /* mileston4.app */;
			productType = "com.apple.product-type.application";
		};
/* End PBXNativeTarget section */

/* Begin PBXProject section */
		1FF890BB22598CE700B58D71 /* Project object */ = {
			isa = PBXProject;
			attributes = {
				LastSwiftUpdateCheck = 1020;
				LastUpgradeCheck = 1020;
				ORGANIZATIONNAME = "Shawn Bierman";
				TargetAttributes = {
					1FF890C222598CE700B58D71 = {
						CreatedOnToolsVersion = 10.2;
					};
				};
			};
			buildConfigurationList = 1FF890BE22598CE700B58D71 /* Build configuration list for PBXProject "mileston4" */;
			compatibilityVersion = "Xcode 9.3";
			developmentRegion = en;
			hasScannedForEncodings = 0;
			knownRegions = (
				en,
				Base,
			);
			mainGroup = 1FF890BA22598CE700B58D71;
			productRefGroup = 1FF890C422598CE700B58D71 /* Products */;
			projectDirPath = "";
			projectRoot = "";
			targets = (
				1FF890C222598CE700B58D71 /* mileston4 */,
			);
		};
/* End PBXProject section */

/* Begin PBXResourcesBuildPhase section */
		1FF890C122598CE700B58D71 /* Resources */ = {
			isa = PBXResourcesBuildPhase;
			buildActionMask = 2147483647;
			files = (
				1FF890D122598CE800B58D71 /* LaunchScreen.storyboard in Resources */,
				1FF890CE22598CE800B58D71 /* Assets.xcassets in Resources */,
				1FF890CC22598CE700B58D71 /* Main.storyboard in Resources */,
			);
			runOnlyForDeploymentPostprocessing = 0;
		};
/* End PBXResourcesBuildPhase section */

/* Begin PBXSourcesBuildPhase section */
		1FF890BF22598CE700B58D71 /* Sources */ = {
			isa = PBXSourcesBuildPhase;
			buildActionMask = 2147483647;
			files = (
				1FF890DB22598D1600B58D71 /* Photo.swift in Sources */,
				1FF890D922598CFA00B58D71 /* DetailViewController.swift in Sources */,
				1FF890C922598CE700B58D71 /* ViewController.swift in Sources */,
				1FF890C722598CE700B58D71 /* AppDelegate.swift in Sources */,
			);
			runOnlyForDeploymentPostprocessing = 0;
		};
/* End PBXSourcesBuildPhase section */

/* Begin PBXVariantGroup section */
		1FF890CA22598CE700B58D71 /* Main.storyboard */ = {
			isa = PBXVariantGroup;
			children = (
				1FF890CB22598CE700B58D71 /* Base */,
			);
			name = Main.storyboard;
			sourceTree = "<group>";
		};
		1FF890CF22598CE800B58D71 /* LaunchScreen.storyboard */ = {
			isa = PBXVariantGroup;
			children = (
				1FF890D022598CE800B58D71 /* Base */,
			);
			name = LaunchScreen.storyboard;
			sourceTree = "<group>";
		};
/* End PBXVariantGroup section */

/* Begin XCBuildConfiguration section */
		1FF890D322598CE800B58D71 /* Debug */ = {
			isa = XCBuildConfiguration;
			buildSettings = {
				ALWAYS_SEARCH_USER_PATHS = NO;
				CLANG_ANALYZER_NONNULL = YES;
				CLANG_ANALYZER_NUMBER_OBJECT_CONVERSION = YES_AGGRESSIVE;
				CLANG_CXX_LANGUAGE_STANDARD = "gnu++14";
				CLANG_CXX_LIBRARY = "libc++";
				CLANG_ENABLE_MODULES = YES;
				CLANG_ENABLE_OBJC_ARC = YES;
				CLANG_ENABLE_OBJC_WEAK = YES;
				CLANG_WARN_BLOCK_CAPTURE_AUTORELEASING = YES;
				CLANG_WARN_BOOL_CONVERSION = YES;
				CLANG_WARN_COMMA = YES;
				CLANG_WARN_CONSTANT_CONVERSION = YES;
				CLANG_WARN_DEPRECATED_OBJC_IMPLEMENTATIONS = YES;
				CLANG_WARN_DIRECT_OBJC_ISA_USAGE = YES_ERROR;
				CLANG_WARN_DOCUMENTATION_COMMENTS = YES;
				CLANG_WARN_EMPTY_BODY = YES;
				CLANG_WARN_ENUM_CONVERSION = YES;
				CLANG_WARN_INFINITE_RECURSION = YES;
				CLANG_WARN_INT_CONVERSION = YES;
				CLANG_WARN_NON_LITERAL_NULL_CONVERSION = YES;
				CLANG_WARN_OBJC_IMPLICIT_RETAIN_SELF = YES;
				CLANG_WARN_OBJC_LITERAL_CONVERSION = YES;
				CLANG_WARN_OBJC_ROOT_CLASS = YES_ERROR;
				CLANG_WARN_RANGE_LOOP_ANALYSIS = YES;
				CLANG_WARN_STRICT_PROTOTYPES = YES;
				CLANG_WARN_SUSPICIOUS_MOVE = YES;
				CLANG_WARN_UNGUARDED_AVAILABILITY = YES_AGGRESSIVE;
				CLANG_WARN_UNREACHABLE_CODE = YES;
				CLANG_WARN__DUPLICATE_METHOD_MATCH = YES;
				CODE_SIGN_IDENTITY = "iPhone Developer";
				COPY_PHASE_STRIP = NO;
				DEBUG_INFORMATION_FORMAT = dwarf;
				ENABLE_STRICT_OBJC_MSGSEND = YES;
				ENABLE_TESTABILITY = YES;
				GCC_C_LANGUAGE_STANDARD = gnu11;
				GCC_DYNAMIC_NO_PIC = NO;
				GCC_NO_COMMON_BLOCKS = YES;
				GCC_OPTIMIZATION_LEVEL = 0;
				GCC_PREPROCESSOR_DEFINITIONS = (
					"DEBUG=1",
					"$(inherited)",
				);
				GCC_WARN_64_TO_32_BIT_CONVERSION = YES;
				GCC_WARN_ABOUT_RETURN_TYPE = YES_ERROR;
				GCC_WARN_UNDECLARED_SELECTOR = YES;
				GCC_WARN_UNINITIALIZED_AUTOS = YES_AGGRESSIVE;
				GCC_WARN_UNUSED_FUNCTION = YES;
				GCC_WARN_UNUSED_VARIABLE = YES;
				IPHONEOS_DEPLOYMENT_TARGET = 12.2;
				MTL_ENABLE_DEBUG_INFO = INCLUDE_SOURCE;
				MTL_FAST_MATH = YES;
				ONLY_ACTIVE_ARCH = YES;
				SDKROOT = iphoneos;
				SWIFT_ACTIVE_COMPILATION_CONDITIONS = DEBUG;
				SWIFT_OPTIMIZATION_LEVEL = "-Onone";
			};
			name = Debug;
		};
		1FF890D422598CE800B58D71 /* Release */ = {
			isa = XCBuildConfiguration;
			buildSettings = {
				ALWAYS_SEARCH_USER_PATHS = NO;
				CLANG_ANALYZER_NONNULL = YES;
				CLANG_ANALYZER_NUMBER_OBJECT_CONVERSION = YES_AGGRESSIVE;
				CLANG_CXX_LANGUAGE_STANDARD = "gnu++14";
				CLANG_CXX_LIBRARY = "libc++";
				CLANG_ENABLE_MODULES = YES;
				CLANG_ENABLE_OBJC_ARC = YES;
				CLANG_ENABLE_OBJC_WEAK = YES;
				CLANG_WARN_BLOCK_CAPTURE_AUTORELEASING = YES;
				CLANG_WARN_BOOL_CONVERSION = YES;
				CLANG_WARN_COMMA = YES;
				CLANG_WARN_CONSTANT_CONVERSION = YES;
				CLANG_WARN_DEPRECATED_OBJC_IMPLEMENTATIONS = YES;
				CLANG_WARN_DIRECT_OBJC_ISA_USAGE = YES_ERROR;
				CLANG_WARN_DOCUMENTATION_COMMENTS = YES;
				CLANG_WARN_EMPTY_BODY = YES;
				CLANG_WARN_ENUM_CONVERSION = YES;
				CLANG_WARN_INFINITE_RECURSION = YES;
				CLANG_WARN_INT_CONVERSION = YES;
				CLANG_WARN_NON_LITERAL_NULL_CONVERSION = YES;
				CLANG_WARN_OBJC_IMPLICIT_RETAIN_SELF = YES;
				CLANG_WARN_OBJC_LITERAL_CONVERSION = YES;
				CLANG_WARN_OBJC_ROOT_CLASS = YES_ERROR;
				CLANG_WARN_RANGE_LOOP_ANALYSIS = YES;
				CLANG_WARN_STRICT_PROTOTYPES = YES;
				CLANG_WARN_SUSPICIOUS_MOVE = YES;
				CLANG_WARN_UNGUARDED_AVAILABILITY = YES_AGGRESSIVE;
				CLANG_WARN_UNREACHABLE_CODE = YES;
				CLANG_WARN__DUPLICATE_METHOD_MATCH = YES;
				CODE_SIGN_IDENTITY = "iPhone Developer";
				COPY_PHASE_STRIP = NO;
				DEBUG_INFORMATION_FORMAT = "dwarf-with-dsym";
				ENABLE_NS_ASSERTIONS = NO;
				ENABLE_STRICT_OBJC_MSGSEND = YES;
				GCC_C_LANGUAGE_STANDARD = gnu11;
				GCC_NO_COMMON_BLOCKS = YES;
				GCC_WARN_64_TO_32_BIT_CONVERSION = YES;
				GCC_WARN_ABOUT_RETURN_TYPE = YES_ERROR;
				GCC_WARN_UNDECLARED_SELECTOR = YES;
				GCC_WARN_UNINITIALIZED_AUTOS = YES_AGGRESSIVE;
				GCC_WARN_UNUSED_FUNCTION = YES;
				GCC_WARN_UNUSED_VARIABLE = YES;
				IPHONEOS_DEPLOYMENT_TARGET = 12.2;
				MTL_ENABLE_DEBUG_INFO = NO;
				MTL_FAST_MATH = YES;
				SDKROOT = iphoneos;
				SWIFT_COMPILATION_MODE = wholemodule;
				SWIFT_OPTIMIZATION_LEVEL = "-O";
				VALIDATE_PRODUCT = YES;
			};
			name = Release;
		};
		1FF890D622598CE800B58D71 /* Debug */ = {
			isa = XCBuildConfiguration;
			buildSettings = {
				ASSETCATALOG_COMPILER_APPICON_NAME = AppIcon;
				CODE_SIGN_STYLE = Automatic;
				DEVELOPMENT_TEAM = TQPTGGXQ34;
				INFOPLIST_FILE = mileston4/Info.plist;
				LD_RUNPATH_SEARCH_PATHS = (
					"$(inherited)",
					"@executable_path/Frameworks",
				);
				PRODUCT_BUNDLE_IDENTIFIER = com.shawnbierman.mileston4;
				PRODUCT_NAME = "$(TARGET_NAME)";
				SWIFT_VERSION = 5.0;
				TARGETED_DEVICE_FAMILY = "1,2";
			};
			name = Debug;
		};
		1FF890D722598CE800B58D71 /* Release */ = {
			isa = XCBuildConfiguration;
			buildSettings = {
				ASSETCATALOG_COMPILER_APPICON_NAME = AppIcon;
				CODE_SIGN_STYLE = Automatic;
				DEVELOPMENT_TEAM = TQPTGGXQ34;
				INFOPLIST_FILE = mileston4/Info.plist;
				LD_RUNPATH_SEARCH_PATHS = (
					"$(inherited)",
					"@executable_path/Frameworks",
				);
				PRODUCT_BUNDLE_IDENTIFIER = com.shawnbierman.mileston4;
				PRODUCT_NAME = "$(TARGET_NAME)";
				SWIFT_VERSION = 5.0;
				TARGETED_DEVICE_FAMILY = "1,2";
			};
			name = Release;
		};
/* End XCBuildConfiguration section */

/* Begin XCConfigurationList section */
		1FF890BE22598CE700B58D71 /* Build configuration list for PBXProject "mileston4" */ = {
			isa = XCConfigurationList;
			buildConfigurations = (
				1FF890D322598CE800B58D71 /* Debug */,
				1FF890D422598CE800B58D71 /* Release */,
			);
			defaultConfigurationIsVisible = 0;
			defaultConfigurationName = Release;
		};
		1FF890D522598CE800B58D71 /* Build configuration list for PBXNativeTarget "mileston4" */ = {
			isa = XCConfigurationList;
			buildConfigurations = (
				1FF890D622598CE800B58D71 /* Debug */,
				1FF890D722598CE800B58D71 /* Release */,
			);
			defaultConfigurationIsVisible = 0;
			defaultConfigurationName = Release;
		};
/* End XCConfigurationList section */
	};
	rootObject = 1FF890BB22598CE700B58D71 /* Project object */;
}
