// !$*UTF8*$!
{
	archiveVersion = 1;
	classes = {
	};
	objectVersion = 50;
	objects = {

/* Begin PBXBuildFile section */
		1F49982A22623F6C00AB6096 /* gameover.m4a in Resources */ = {isa = PBXBuildFile; fileRef = 1F49982922623F6C00AB6096 /* gameover.m4a */; };
		1F49982C2262433E00AB6096 /* smoke.sks in Resources */ = {isa = PBXBuildFile; fileRef = 1F49982B2262433E00AB6096 /* smoke.sks */; };
		1F499834226245E400AB6096 /* mud.sks in Resources */ = {isa = PBXBuildFile; fileRef = 1F499832226245E400AB6096 /* mud.sks */; };
		1FFD11BC225D40B70054ADCA /* AppDelegate.swift in Sources */ = {isa = PBXBuildFile; fileRef = 1FFD11BB225D40B70054ADCA /* AppDelegate.swift */; };
		1FFD11C2225D40B70054ADCA /* GameScene.swift in Sources */ = {isa = PBXBuildFile; fileRef = 1FFD11C1225D40B70054ADCA /* GameScene.swift */; };
		1FFD11C4225D40B70054ADCA /* GameViewController.swift in Sources */ = {isa = PBXBuildFile; fileRef = 1FFD11C3225D40B70054ADCA /* GameViewController.swift */; };
		1FFD11C7225D40B70054ADCA /* Main.storyboard in Resources */ = {isa = PBXBuildFile; fileRef = 1FFD11C5225D40B70054ADCA /* Main.storyboard */; };
		1FFD11C9225D40B80054ADCA /* Assets.xcassets in Resources */ = {isa = PBXBuildFile; fileRef = 1FFD11C8225D40B80054ADCA /* Assets.xcassets */; };
		1FFD11CC225D40B80054ADCA /* LaunchScreen.storyboard in Resources */ = {isa = PBXBuildFile; fileRef = 1FFD11CA225D40B80054ADCA /* LaunchScreen.storyboard */; };
		1FFD11D4225D41080054ADCA /* GameScene.sks in Resources */ = {isa = PBXBuildFile; fileRef = 1FFD11D3225D41080054ADCA /* GameScene.sks */; };
		1FFD11D7225D41DA0054ADCA /* whack.caf in Resources */ = {isa = PBXBuildFile; fileRef = 1FFD11D5225D41DA0054ADCA /* whack.caf */; };
		1FFD11D8225D41DA0054ADCA /* whackBad.caf in Resources */ = {isa = PBXBuildFile; fileRef = 1FFD11D6225D41DA0054ADCA /* whackBad.caf */; };
		1FFD11DA225D74FE0054ADCA /* WhackSlot.swift in Sources */ = {isa = PBXBuildFile; fileRef = 1FFD11D9225D74FE0054ADCA /* WhackSlot.swift */; };
/* End PBXBuildFile section */

/* Begin PBXFileReference section */
		1F49982922623F6C00AB6096 /* gameover.m4a */ = {isa = PBXFileReference; lastKnownFileType = file; path = gameover.m4a; sourceTree = "<group>"; };
		1F49982B2262433E00AB6096 /* smoke.sks */ = {isa = PBXFileReference; lastKnownFileType = file.sks; path = smoke.sks; sourceTree = "<group>"; };
		1F499832226245E400AB6096 /* mud.sks */ = {isa = PBXFileReference; lastKnownFileType = file.sks; path = mud.sks; sourceTree = "<group>"; };
		1FFD11B8225D40B70054ADCA /* Project14.app */ = {isa = PBXFileReference; explicitFileType = wrapper.application; includeInIndex = 0; path = Project14.app; sourceTree = BUILT_PRODUCTS_DIR; };
		1FFD11BB225D40B70054ADCA /* AppDelegate.swift */ = {isa = PBXFileReference; lastKnownFileType = sourcecode.swift; path = AppDelegate.swift; sourceTree = "<group>"; };
		1FFD11C1225D40B70054ADCA /* GameScene.swift */ = {isa = PBXFileReference; lastKnownFileType = sourcecode.swift; path = GameScene.swift; sourceTree = "<group>"; };
		1FFD11C3225D40B70054ADCA /* GameViewController.swift */ = {isa = PBXFileReference; lastKnownFileType = sourcecode.swift; path = GameViewController.swift; sourceTree = "<group>"; };
		1FFD11C6225D40B70054ADCA /* Base */ = {isa = PBXFileReference; lastKnownFileType = file.storyboard; name = Base; path = Base.lproj/Main.storyboard; sourceTree = "<group>"; };
		1FFD11C8225D40B80054ADCA /* Assets.xcassets */ = {isa = PBXFileReference; lastKnownFileType = folder.assetcatalog; path = Assets.xcassets; sourceTree = "<group>"; };
		1FFD11CB225D40B80054ADCA /* Base */ = {isa = PBXFileReference; lastKnownFileType = file.storyboard; name = Base; path = Base.lproj/LaunchScreen.storyboard; sourceTree = "<group>"; };
		1FFD11CD225D40B80054ADCA /* Info.plist */ = {isa = PBXFileReference; lastKnownFileType = text.plist.xml; path = Info.plist; sourceTree = "<group>"; };
		1FFD11D3225D41080054ADCA /* GameScene.sks */ = {isa = PBXFileReference; lastKnownFileType = file.sks; path = GameScene.sks; sourceTree = "<group>"; };
		1FFD11D5225D41DA0054ADCA /* whack.caf */ = {isa = PBXFileReference; lastKnownFileType = file; path = whack.caf; sourceTree = "<group>"; };
		1FFD11D6225D41DA0054ADCA /* whackBad.caf */ = {isa = PBXFileReference; lastKnownFileType = file; path = whackBad.caf; sourceTree = "<group>"; };
		1FFD11D9225D74FE0054ADCA /* WhackSlot.swift */ = {isa = PBXFileReference; lastKnownFileType = sourcecode.swift; path = WhackSlot.swift; sourceTree = "<group>"; };
/* End PBXFileReference section */

/* Begin PBXFrameworksBuildPhase section */
		1FFD11B5225D40B70054ADCA /* Frameworks */ = {
			isa = PBXFrameworksBuildPhase;
			buildActionMask = 2147483647;
			files = (
			);
			runOnlyForDeploymentPostprocessing = 0;
		};
/* End PBXFrameworksBuildPhase section */

/* Begin PBXGroup section */
		1F49982F226244E200AB6096 /* particles */ = {
			isa = PBXGroup;
			children = (
				1F49982B2262433E00AB6096 /* smoke.sks */,
				1F499832226245E400AB6096 /* mud.sks */,
			);
			path = particles;
			sourceTree = "<group>";
		};
		1F499830226244F000AB6096 /* storyboards */ = {
			isa = PBXGroup;
			children = (
				1FFD11C5225D40B70054ADCA /* Main.storyboard */,
				1FFD11CA225D40B80054ADCA /* LaunchScreen.storyboard */,
			);
			path = storyboards;
			sourceTree = "<group>";
		};
		1F4998312262450600AB6096 /* Sounds */ = {
			isa = PBXGroup;
			children = (
				1FFD11D5225D41DA0054ADCA /* whack.caf */,
				1FFD11D6225D41DA0054ADCA /* whackBad.caf */,
				1F49982922623F6C00AB6096 /* gameover.m4a */,
			);
			path = Sounds;
			sourceTree = "<group>";
		};
		1FFD11AF225D40B70054ADCA = {
			isa = PBXGroup;
			children = (
				1FFD11BA225D40B70054ADCA /* Project14 */,
				1FFD11B9225D40B70054ADCA /* Products */,
			);
			sourceTree = "<group>";
		};
		1FFD11B9225D40B70054ADCA /* Products */ = {
			isa = PBXGroup;
			children = (
				1FFD11B8225D40B70054ADCA /* Project14.app */,
			);
			name = Products;
			sourceTree = "<group>";
		};
		1FFD11BA225D40B70054ADCA /* Project14 */ = {
			isa = PBXGroup;
			children = (
				1FFD11C1225D40B70054ADCA /* GameScene.swift */,
				1FFD11C3225D40B70054ADCA /* GameViewController.swift */,
				1FFD11D9225D74FE0054ADCA /* WhackSlot.swift */,
				1FFD11BB225D40B70054ADCA /* AppDelegate.swift */,
				1FFD11D3225D41080054ADCA /* GameScene.sks */,
				1FFD11C8225D40B80054ADCA /* Assets.xcassets */,
				1F49982F226244E200AB6096 /* particles */,
				1F499830226244F000AB6096 /* storyboards */,
				1F4998312262450600AB6096 /* Sounds */,
				1FFD11CD225D40B80054ADCA /* Info.plist */,
			);
			path = Project14;
			sourceTree = "<group>";
		};
/* End PBXGroup section */

/* Begin PBXNativeTarget section */
		1FFD11B7225D40B70054ADCA /* Project14 */ = {
			isa = PBXNativeTarget;
			buildConfigurationList = 1FFD11D0225D40B80054ADCA /* Build configuration list for PBXNativeTarget "Project14" */;
			buildPhases = (
				1FFD11B4225D40B70054ADCA /* Sources */,
				1FFD11B5225D40B70054ADCA /* Frameworks */,
				1FFD11B6225D40B70054ADCA /* Resources */,
			);
			buildRules = (
			);
			dependencies = (
			);
			name = Project14;
			productName = Project14;
			productReference = 1FFD11B8225D40B70054ADCA /* Project14.app */;
			productType = "com.apple.product-type.application";
		};
/* End PBXNativeTarget section */

/* Begin PBXProject section */
		1FFD11B0225D40B70054ADCA /* Project object */ = {
			isa = PBXProject;
			attributes = {
				LastSwiftUpdateCheck = 1020;
				LastUpgradeCheck = 1020;
				ORGANIZATIONNAME = "Shawn Bierman";
				TargetAttributes = {
					1FFD11B7225D40B70054ADCA = {
						CreatedOnToolsVersion = 10.2;
					};
				};
			};
			buildConfigurationList = 1FFD11B3225D40B70054ADCA /* Build configuration list for PBXProject "Project14" */;
			compatibilityVersion = "Xcode 9.3";
			developmentRegion = en;
			hasScannedForEncodings = 0;
			knownRegions = (
				en,
				Base,
			);
			mainGroup = 1FFD11AF225D40B70054ADCA;
			productRefGroup = 1FFD11B9225D40B70054ADCA /* Products */;
			projectDirPath = "";
			projectRoot = "";
			targets = (
				1FFD11B7225D40B70054ADCA /* Project14 */,
			);
		};
/* End PBXProject section */

/* Begin PBXResourcesBuildPhase section */
		1FFD11B6225D40B70054ADCA /* Resources */ = {
			isa = PBXResourcesBuildPhase;
			buildActionMask = 2147483647;
			files = (
				1FFD11D4225D41080054ADCA /* GameScene.sks in Resources */,
				1FFD11D7225D41DA0054ADCA /* whack.caf in Resources */,
				1FFD11C7225D40B70054ADCA /* Main.storyboard in Resources */,
				1F499834226245E400AB6096 /* mud.sks in Resources */,
				1F49982A22623F6C00AB6096 /* gameover.m4a in Resources */,
				1FFD11C9225D40B80054ADCA /* Assets.xcassets in Resources */,
				1FFD11CC225D40B80054ADCA /* LaunchScreen.storyboard in Resources */,
				1FFD11D8225D41DA0054ADCA /* whackBad.caf in Resources */,
				1F49982C2262433E00AB6096 /* smoke.sks in Resources */,
			);
			runOnlyForDeploymentPostprocessing = 0;
		};
/* End PBXResourcesBuildPhase section */

/* Begin PBXSourcesBuildPhase section */
		1FFD11B4225D40B70054ADCA /* Sources */ = {
			isa = PBXSourcesBuildPhase;
			buildActionMask = 2147483647;
			files = (
				1FFD11C2225D40B70054ADCA /* GameScene.swift in Sources */,
				1FFD11C4225D40B70054ADCA /* GameViewController.swift in Sources */,
				1FFD11DA225D74FE0054ADCA /* WhackSlot.swift in Sources */,
				1FFD11BC225D40B70054ADCA /* AppDelegate.swift in Sources */,
			);
			runOnlyForDeploymentPostprocessing = 0;
		};
/* End PBXSourcesBuildPhase section */

/* Begin PBXVariantGroup section */
		1FFD11C5225D40B70054ADCA /* Main.storyboard */ = {
			isa = PBXVariantGroup;
			children = (
				1FFD11C6225D40B70054ADCA /* Base */,
			);
			name = Main.storyboard;
			sourceTree = "<group>";
		};
		1FFD11CA225D40B80054ADCA /* LaunchScreen.storyboard */ = {
			isa = PBXVariantGroup;
			children = (
				1FFD11CB225D40B80054ADCA /* Base */,
			);
			name = LaunchScreen.storyboard;
			sourceTree = "<group>";
		};
/* End PBXVariantGroup section */

/* Begin XCBuildConfiguration section */
		1FFD11CE225D40B80054ADCA /* Debug */ = {
			isa = XCBuildConfiguration;
			buildSettings = {
				ALWAYS_SEARCH_USER_PATHS = NO;
				CLANG_ANALYZER_NONNULL = YES;
				CLANG_ANALYZER_NUMBER_OBJECT_CONVERSION = YES_AGGRESSIVE;
				CLANG_CXX_LANGUAGE_STANDARD = "gnu++14";
				CLANG_CXX_LIBRARY = "libc++";
				CLANG_ENABLE_MODULES = YES;
				CLANG_ENABLE_OBJC_ARC = YES;
				CLANG_ENABLE_OBJC_WEAK = YES;
				CLANG_WARN_BLOCK_CAPTURE_AUTORELEASING = YES;
				CLANG_WARN_BOOL_CONVERSION = YES;
				CLANG_WARN_COMMA = YES;
				CLANG_WARN_CONSTANT_CONVERSION = YES;
				CLANG_WARN_DEPRECATED_OBJC_IMPLEMENTATIONS = YES;
				CLANG_WARN_DIRECT_OBJC_ISA_USAGE = YES_ERROR;
				CLANG_WARN_DOCUMENTATION_COMMENTS = YES;
				CLANG_WARN_EMPTY_BODY = YES;
				CLANG_WARN_ENUM_CONVERSION = YES;
				CLANG_WARN_INFINITE_RECURSION = YES;
				CLANG_WARN_INT_CONVERSION = YES;
				CLANG_WARN_NON_LITERAL_NULL_CONVERSION = YES;
				CLANG_WARN_OBJC_IMPLICIT_RETAIN_SELF = YES;
				CLANG_WARN_OBJC_LITERAL_CONVERSION = YES;
				CLANG_WARN_OBJC_ROOT_CLASS = YES_ERROR;
				CLANG_WARN_RANGE_LOOP_ANALYSIS = YES;
				CLANG_WARN_STRICT_PROTOTYPES = YES;
				CLANG_WARN_SUSPICIOUS_MOVE = YES;
				CLANG_WARN_UNGUARDED_AVAILABILITY = YES_AGGRESSIVE;
				CLANG_WARN_UNREACHABLE_CODE = YES;
				CLANG_WARN__DUPLICATE_METHOD_MATCH = YES;
				CODE_SIGN_IDENTITY = "iPhone Developer";
				COPY_PHASE_STRIP = NO;
				DEBUG_INFORMATION_FORMAT = dwarf;
				ENABLE_STRICT_OBJC_MSGSEND = YES;
				ENABLE_TESTABILITY = YES;
				GCC_C_LANGUAGE_STANDARD = gnu11;
				GCC_DYNAMIC_NO_PIC = NO;
				GCC_NO_COMMON_BLOCKS = YES;
				GCC_OPTIMIZATION_LEVEL = 0;
				GCC_PREPROCESSOR_DEFINITIONS = (
					"DEBUG=1",
					"$(inherited)",
				);
				GCC_WARN_64_TO_32_BIT_CONVERSION = YES;
				GCC_WARN_ABOUT_RETURN_TYPE = YES_ERROR;
				GCC_WARN_UNDECLARED_SELECTOR = YES;
				GCC_WARN_UNINITIALIZED_AUTOS = YES_AGGRESSIVE;
				GCC_WARN_UNUSED_FUNCTION = YES;
				GCC_WARN_UNUSED_VARIABLE = YES;
				IPHONEOS_DEPLOYMENT_TARGET = 12.2;
				MTL_ENABLE_DEBUG_INFO = INCLUDE_SOURCE;
				MTL_FAST_MATH = YES;
				ONLY_ACTIVE_ARCH = YES;
				SDKROOT = iphoneos;
				SWIFT_ACTIVE_COMPILATION_CONDITIONS = DEBUG;
				SWIFT_OPTIMIZATION_LEVEL = "-Onone";
			};
			name = Debug;
		};
		1FFD11CF225D40B80054ADCA /* Release */ = {
			isa = XCBuildConfiguration;
			buildSettings = {
				ALWAYS_SEARCH_USER_PATHS = NO;
				CLANG_ANALYZER_NONNULL = YES;
				CLANG_ANALYZER_NUMBER_OBJECT_CONVERSION = YES_AGGRESSIVE;
				CLANG_CXX_LANGUAGE_STANDARD = "gnu++14";
				CLANG_CXX_LIBRARY = "libc++";
				CLANG_ENABLE_MODULES = YES;
				CLANG_ENABLE_OBJC_ARC = YES;
				CLANG_ENABLE_OBJC_WEAK = YES;
				CLANG_WARN_BLOCK_CAPTURE_AUTORELEASING = YES;
				CLANG_WARN_BOOL_CONVERSION = YES;
				CLANG_WARN_COMMA = YES;
				CLANG_WARN_CONSTANT_CONVERSION = YES;
				CLANG_WARN_DEPRECATED_OBJC_IMPLEMENTATIONS = YES;
				CLANG_WARN_DIRECT_OBJC_ISA_USAGE = YES_ERROR;
				CLANG_WARN_DOCUMENTATION_COMMENTS = YES;
				CLANG_WARN_EMPTY_BODY = YES;
				CLANG_WARN_ENUM_CONVERSION = YES;
				CLANG_WARN_INFINITE_RECURSION = YES;
				CLANG_WARN_INT_CONVERSION = YES;
				CLANG_WARN_NON_LITERAL_NULL_CONVERSION = YES;
				CLANG_WARN_OBJC_IMPLICIT_RETAIN_SELF = YES;
				CLANG_WARN_OBJC_LITERAL_CONVERSION = YES;
				CLANG_WARN_OBJC_ROOT_CLASS = YES_ERROR;
				CLANG_WARN_RANGE_LOOP_ANALYSIS = YES;
				CLANG_WARN_STRICT_PROTOTYPES = YES;
				CLANG_WARN_SUSPICIOUS_MOVE = YES;
				CLANG_WARN_UNGUARDED_AVAILABILITY = YES_AGGRESSIVE;
				CLANG_WARN_UNREACHABLE_CODE = YES;
				CLANG_WARN__DUPLICATE_METHOD_MATCH = YES;
				CODE_SIGN_IDENTITY = "iPhone Developer";
				COPY_PHASE_STRIP = NO;
				DEBUG_INFORMATION_FORMAT = "dwarf-with-dsym";
				ENABLE_NS_ASSERTIONS = NO;
				ENABLE_STRICT_OBJC_MSGSEND = YES;
				GCC_C_LANGUAGE_STANDARD = gnu11;
				GCC_NO_COMMON_BLOCKS = YES;
				GCC_WARN_64_TO_32_BIT_CONVERSION = YES;
				GCC_WARN_ABOUT_RETURN_TYPE = YES_ERROR;
				GCC_WARN_UNDECLARED_SELECTOR = YES;
				GCC_WARN_UNINITIALIZED_AUTOS = YES_AGGRESSIVE;
				GCC_WARN_UNUSED_FUNCTION = YES;
				GCC_WARN_UNUSED_VARIABLE = YES;
				IPHONEOS_DEPLOYMENT_TARGET = 12.2;
				MTL_ENABLE_DEBUG_INFO = NO;
				MTL_FAST_MATH = YES;
				SDKROOT = iphoneos;
				SWIFT_COMPILATION_MODE = wholemodule;
				SWIFT_OPTIMIZATION_LEVEL = "-O";
				VALIDATE_PRODUCT = YES;
			};
			name = Release;
		};
		1FFD11D1225D40B80054ADCA /* Debug */ = {
			isa = XCBuildConfiguration;
			buildSettings = {
				ASSETCATALOG_COMPILER_APPICON_NAME = AppIcon;
				CODE_SIGN_STYLE = Automatic;
				DEVELOPMENT_TEAM = TQPTGGXQ34;
				INFOPLIST_FILE = Project14/Info.plist;
				LD_RUNPATH_SEARCH_PATHS = (
					"$(inherited)",
					"@executable_path/Frameworks",
				);
				PRODUCT_BUNDLE_IDENTIFIER = com.shawnbierman.Project14;
				PRODUCT_NAME = "$(TARGET_NAME)";
				SWIFT_VERSION = 5.0;
				TARGETED_DEVICE_FAMILY = 2;
			};
			name = Debug;
		};
		1FFD11D2225D40B80054ADCA /* Release */ = {
			isa = XCBuildConfiguration;
			buildSettings = {
				ASSETCATALOG_COMPILER_APPICON_NAME = AppIcon;
				CODE_SIGN_STYLE = Automatic;
				DEVELOPMENT_TEAM = TQPTGGXQ34;
				INFOPLIST_FILE = Project14/Info.plist;
				LD_RUNPATH_SEARCH_PATHS = (
					"$(inherited)",
					"@executable_path/Frameworks",
				);
				PRODUCT_BUNDLE_IDENTIFIER = com.shawnbierman.Project14;
				PRODUCT_NAME = "$(TARGET_NAME)";
				SWIFT_VERSION = 5.0;
				TARGETED_DEVICE_FAMILY = 2;
			};
			name = Release;
		};
/* End XCBuildConfiguration section */

/* Begin XCConfigurationList section */
		1FFD11B3225D40B70054ADCA /* Build configuration list for PBXProject "Project14" */ = {
			isa = XCConfigurationList;
			buildConfigurations = (
				1FFD11CE225D40B80054ADCA /* Debug */,
				1FFD11CF225D40B80054ADCA /* Release */,
			);
			defaultConfigurationIsVisible = 0;
			defaultConfigurationName = Release;
		};
		1FFD11D0225D40B80054ADCA /* Build configuration list for PBXNativeTarget "Project14" */ = {
			isa = XCConfigurationList;
			buildConfigurations = (
				1FFD11D1225D40B80054ADCA /* Debug */,
				1FFD11D2225D40B80054ADCA /* Release */,
			);
			defaultConfigurationIsVisible = 0;
			defaultConfigurationName = Release;
		};
/* End XCConfigurationList section */
	};
	rootObject = 1FFD11B0225D40B70054ADCA /* Project object */;
}
