// !$*UTF8*$!
{
	archiveVersion = 1;
	classes = {
	};
	objectVersion = 50;
	objects = {

/* Begin PBXBuildFile section */
		1F44AF5C22A43FDC009687DD /* MainViewController.swift in Sources */ = {isa = PBXBuildFile; fileRef = 1F44AF5B22A43FDC009687DD /* MainViewController.swift */; };
		1F44AF6722A46359009687DD /* CollectionViewCell.swift in Sources */ = {isa = PBXBuildFile; fileRef = 1F44AF6522A46359009687DD /* CollectionViewCell.swift */; };
		1FADA48822A36D7600F9EFA5 /* AppDelegate.swift in Sources */ = {isa = PBXBuildFile; fileRef = 1FADA48722A36D7600F9EFA5 /* AppDelegate.swift */; };
		1FADA48D22A36D7600F9EFA5 /* Main.storyboard in Resources */ = {isa = PBXBuildFile; fileRef = 1FADA48B22A36D7600F9EFA5 /* Main.storyboard */; };
		1FADA48F22A36D7700F9EFA5 /* Assets.xcassets in Resources */ = {isa = PBXBuildFile; fileRef = 1FADA48E22A36D7700F9EFA5 /* Assets.xcassets */; };
		1FADA49222A36D7700F9EFA5 /* LaunchScreen.storyboard in Resources */ = {isa = PBXBuildFile; fileRef = 1FADA49022A36D7700F9EFA5 /* LaunchScreen.storyboard */; };
		1FEC775322A473F40078CDDF /* Extensions+UIView.swift in Sources */ = {isa = PBXBuildFile; fileRef = 1FEC775222A473F40078CDDF /* Extensions+UIView.swift */; };
		1FEC776A22A479BB0078CDDF /* Flags.bundle in Resources */ = {isa = PBXBuildFile; fileRef = 1FEC776922A479BB0078CDDF /* Flags.bundle */; };
/* End PBXBuildFile section */

/* Begin PBXFileReference section */
		1F44AF5B22A43FDC009687DD /* MainViewController.swift */ = {isa = PBXFileReference; lastKnownFileType = sourcecode.swift; path = MainViewController.swift; sourceTree = "<group>"; };
		1F44AF6522A46359009687DD /* CollectionViewCell.swift */ = {isa = PBXFileReference; lastKnownFileType = sourcecode.swift; path = CollectionViewCell.swift; sourceTree = "<group>"; };
		1FADA48422A36D7600F9EFA5 /* Milestone10.app */ = {isa = PBXFileReference; explicitFileType = wrapper.application; includeInIndex = 0; path = Milestone10.app; sourceTree = BUILT_PRODUCTS_DIR; };
		1FADA48722A36D7600F9EFA5 /* AppDelegate.swift */ = {isa = PBXFileReference; lastKnownFileType = sourcecode.swift; path = AppDelegate.swift; sourceTree = "<group>"; };
		1FADA48C22A36D7600F9EFA5 /* Base */ = {isa = PBXFileReference; lastKnownFileType = file.storyboard; name = Base; path = Base.lproj/Main.storyboard; sourceTree = "<group>"; };
		1FADA48E22A36D7700F9EFA5 /* Assets.xcassets */ = {isa = PBXFileReference; lastKnownFileType = folder.assetcatalog; path = Assets.xcassets; sourceTree = "<group>"; };
		1FADA49122A36D7700F9EFA5 /* Base */ = {isa = PBXFileReference; lastKnownFileType = file.storyboard; name = Base; path = Base.lproj/LaunchScreen.storyboard; sourceTree = "<group>"; };
		1FADA49322A36D7700F9EFA5 /* Info.plist */ = {isa = PBXFileReference; lastKnownFileType = text.plist.xml; path = Info.plist; sourceTree = "<group>"; };
		1FEC775222A473F40078CDDF /* Extensions+UIView.swift */ = {isa = PBXFileReference; lastKnownFileType = sourcecode.swift; path = "Extensions+UIView.swift"; sourceTree = "<group>"; };
		1FEC776922A479BB0078CDDF /* Flags.bundle */ = {isa = PBXFileReference; lastKnownFileType = "wrapper.plug-in"; path = Flags.bundle; sourceTree = "<group>"; };
/* End PBXFileReference section */

/* Begin PBXFrameworksBuildPhase section */
		1FADA48122A36D7600F9EFA5 /* Frameworks */ = {
			isa = PBXFrameworksBuildPhase;
			buildActionMask = 2147483647;
			files = (
			);
			runOnlyForDeploymentPostprocessing = 0;
		};
/* End PBXFrameworksBuildPhase section */

/* Begin PBXGroup section */
		1FADA47B22A36D7600F9EFA5 = {
			isa = PBXGroup;
			children = (
				1FADA48622A36D7600F9EFA5 /* Milestone10 */,
				1FADA48522A36D7600F9EFA5 /* Products */,
			);
			sourceTree = "<group>";
		};
		1FADA48522A36D7600F9EFA5 /* Products */ = {
			isa = PBXGroup;
			children = (
				1FADA48422A36D7600F9EFA5 /* Milestone10.app */,
			);
			name = Products;
			sourceTree = "<group>";
		};
		1FADA48622A36D7600F9EFA5 /* Milestone10 */ = {
			isa = PBXGroup;
			children = (
				1F44AF5B22A43FDC009687DD /* MainViewController.swift */,
				1F44AF6522A46359009687DD /* CollectionViewCell.swift */,
				1FADA48E22A36D7700F9EFA5 /* Assets.xcassets */,
				1FADA48B22A36D7600F9EFA5 /* Main.storyboard */,
				1FEC775222A473F40078CDDF /* Extensions+UIView.swift */,
				1FADA48722A36D7600F9EFA5 /* AppDelegate.swift */,
				1FADA49022A36D7700F9EFA5 /* LaunchScreen.storyboard */,
				1FADA49322A36D7700F9EFA5 /* Info.plist */,
				1FEC776922A479BB0078CDDF /* Flags.bundle */,
			);
			path = Milestone10;
			sourceTree = "<group>";
		};
/* End PBXGroup section */

/* Begin PBXNativeTarget section */
		1FADA48322A36D7600F9EFA5 /* Milestone10 */ = {
			isa = PBXNativeTarget;
			buildConfigurationList = 1FADA49622A36D7700F9EFA5 /* Build configuration list for PBXNativeTarget "Milestone10" */;
			buildPhases = (
				1FADA48022A36D7600F9EFA5 /* Sources */,
				1FADA48122A36D7600F9EFA5 /* Frameworks */,
				1FADA48222A36D7600F9EFA5 /* Resources */,
			);
			buildRules = (
			);
			dependencies = (
			);
			name = Milestone10;
			productName = Milestone10;
			productReference = 1FADA48422A36D7600F9EFA5 /* Milestone10.app */;
			productType = "com.apple.product-type.application";
		};
/* End PBXNativeTarget section */

/* Begin PBXProject section */
		1FADA47C22A36D7600F9EFA5 /* Project object */ = {
			isa = PBXProject;
			attributes = {
				LastSwiftUpdateCheck = 1020;
				LastUpgradeCheck = 1020;
				ORGANIZATIONNAME = "Shawn Bierman";
				TargetAttributes = {
					1FADA48322A36D7600F9EFA5 = {
						CreatedOnToolsVersion = 10.2.1;
					};
				};
			};
			buildConfigurationList = 1FADA47F22A36D7600F9EFA5 /* Build configuration list for PBXProject "Milestone10" */;
			compatibilityVersion = "Xcode 9.3";
			developmentRegion = en;
			hasScannedForEncodings = 0;
			knownRegions = (
				en,
				Base,
			);
			mainGroup = 1FADA47B22A36D7600F9EFA5;
			productRefGroup = 1FADA48522A36D7600F9EFA5 /* Products */;
			projectDirPath = "";
			projectRoot = "";
			targets = (
				1FADA48322A36D7600F9EFA5 /* Milestone10 */,
			);
		};
/* End PBXProject section */

/* Begin PBXResourcesBuildPhase section */
		1FADA48222A36D7600F9EFA5 /* Resources */ = {
			isa = PBXResourcesBuildPhase;
			buildActionMask = 2147483647;
			files = (
				1FADA49222A36D7700F9EFA5 /* LaunchScreen.storyboard in Resources */,
				1FEC776A22A479BB0078CDDF /* Flags.bundle in Resources */,
				1FADA48F22A36D7700F9EFA5 /* Assets.xcassets in Resources */,
				1FADA48D22A36D7600F9EFA5 /* Main.storyboard in Resources */,
			);
			runOnlyForDeploymentPostprocessing = 0;
		};
/* End PBXResourcesBuildPhase section */

/* Begin PBXSourcesBuildPhase section */
		1FADA48022A36D7600F9EFA5 /* Sources */ = {
			isa = PBXSourcesBuildPhase;
			buildActionMask = 2147483647;
			files = (
				1FADA48822A36D7600F9EFA5 /* AppDelegate.swift in Sources */,
				1F44AF5C22A43FDC009687DD /* MainViewController.swift in Sources */,
				1FEC775322A473F40078CDDF /* Extensions+UIView.swift in Sources */,
				1F44AF6722A46359009687DD /* CollectionViewCell.swift in Sources */,
			);
			runOnlyForDeploymentPostprocessing = 0;
		};
/* End PBXSourcesBuildPhase section */

/* Begin PBXVariantGroup section */
		1FADA48B22A36D7600F9EFA5 /* Main.storyboard */ = {
			isa = PBXVariantGroup;
			children = (
				1FADA48C22A36D7600F9EFA5 /* Base */,
			);
			name = Main.storyboard;
			sourceTree = "<group>";
		};
		1FADA49022A36D7700F9EFA5 /* LaunchScreen.storyboard */ = {
			isa = PBXVariantGroup;
			children = (
				1FADA49122A36D7700F9EFA5 /* Base */,
			);
			name = LaunchScreen.storyboard;
			sourceTree = "<group>";
		};
/* End PBXVariantGroup section */

/* Begin XCBuildConfiguration section */
		1FADA49422A36D7700F9EFA5 /* Debug */ = {
			isa = XCBuildConfiguration;
			buildSettings = {
				ALWAYS_SEARCH_USER_PATHS = NO;
				CLANG_ANALYZER_NONNULL = YES;
				CLANG_ANALYZER_NUMBER_OBJECT_CONVERSION = YES_AGGRESSIVE;
				CLANG_CXX_LANGUAGE_STANDARD = "gnu++14";
				CLANG_CXX_LIBRARY = "libc++";
				CLANG_ENABLE_MODULES = YES;
				CLANG_ENABLE_OBJC_ARC = YES;
				CLANG_ENABLE_OBJC_WEAK = YES;
				CLANG_WARN_BLOCK_CAPTURE_AUTORELEASING = YES;
				CLANG_WARN_BOOL_CONVERSION = YES;
				CLANG_WARN_COMMA = YES;
				CLANG_WARN_CONSTANT_CONVERSION = YES;
				CLANG_WARN_DEPRECATED_OBJC_IMPLEMENTATIONS = YES;
				CLANG_WARN_DIRECT_OBJC_ISA_USAGE = YES_ERROR;
				CLANG_WARN_DOCUMENTATION_COMMENTS = YES;
				CLANG_WARN_EMPTY_BODY = YES;
				CLANG_WARN_ENUM_CONVERSION = YES;
				CLANG_WARN_INFINITE_RECURSION = YES;
				CLANG_WARN_INT_CONVERSION = YES;
				CLANG_WARN_NON_LITERAL_NULL_CONVERSION = YES;
				CLANG_WARN_OBJC_IMPLICIT_RETAIN_SELF = YES;
				CLANG_WARN_OBJC_LITERAL_CONVERSION = YES;
				CLANG_WARN_OBJC_ROOT_CLASS = YES_ERROR;
				CLANG_WARN_RANGE_LOOP_ANALYSIS = YES;
				CLANG_WARN_STRICT_PROTOTYPES = YES;
				CLANG_WARN_SUSPICIOUS_MOVE = YES;
				CLANG_WARN_UNGUARDED_AVAILABILITY = YES_AGGRESSIVE;
				CLANG_WARN_UNREACHABLE_CODE = YES;
				CLANG_WARN__DUPLICATE_METHOD_MATCH = YES;
				CODE_SIGN_IDENTITY = "iPhone Developer";
				COPY_PHASE_STRIP = NO;
				DEBUG_INFORMATION_FORMAT = dwarf;
				ENABLE_STRICT_OBJC_MSGSEND = YES;
				ENABLE_TESTABILITY = YES;
				GCC_C_LANGUAGE_STANDARD = gnu11;
				GCC_DYNAMIC_NO_PIC = NO;
				GCC_NO_COMMON_BLOCKS = YES;
				GCC_OPTIMIZATION_LEVEL = 0;
				GCC_PREPROCESSOR_DEFINITIONS = (
					"DEBUG=1",
					"$(inherited)",
				);
				GCC_WARN_64_TO_32_BIT_CONVERSION = YES;
				GCC_WARN_ABOUT_RETURN_TYPE = YES_ERROR;
				GCC_WARN_UNDECLARED_SELECTOR = YES;
				GCC_WARN_UNINITIALIZED_AUTOS = YES_AGGRESSIVE;
				GCC_WARN_UNUSED_FUNCTION = YES;
				GCC_WARN_UNUSED_VARIABLE = YES;
				IPHONEOS_DEPLOYMENT_TARGET = 12.2;
				MTL_ENABLE_DEBUG_INFO = INCLUDE_SOURCE;
				MTL_FAST_MATH = YES;
				ONLY_ACTIVE_ARCH = YES;
				SDKROOT = iphoneos;
				SWIFT_ACTIVE_COMPILATION_CONDITIONS = DEBUG;
				SWIFT_OPTIMIZATION_LEVEL = "-Onone";
			};
			name = Debug;
		};
		1FADA49522A36D7700F9EFA5 /* Release */ = {
			isa = XCBuildConfiguration;
			buildSettings = {
				ALWAYS_SEARCH_USER_PATHS = NO;
				CLANG_ANALYZER_NONNULL = YES;
				CLANG_ANALYZER_NUMBER_OBJECT_CONVERSION = YES_AGGRESSIVE;
				CLANG_CXX_LANGUAGE_STANDARD = "gnu++14";
				CLANG_CXX_LIBRARY = "libc++";
				CLANG_ENABLE_MODULES = YES;
				CLANG_ENABLE_OBJC_ARC = YES;
				CLANG_ENABLE_OBJC_WEAK = YES;
				CLANG_WARN_BLOCK_CAPTURE_AUTORELEASING = YES;
				CLANG_WARN_BOOL_CONVERSION = YES;
				CLANG_WARN_COMMA = YES;
				CLANG_WARN_CONSTANT_CONVERSION = YES;
				CLANG_WARN_DEPRECATED_OBJC_IMPLEMENTATIONS = YES;
				CLANG_WARN_DIRECT_OBJC_ISA_USAGE = YES_ERROR;
				CLANG_WARN_DOCUMENTATION_COMMENTS = YES;
				CLANG_WARN_EMPTY_BODY = YES;
				CLANG_WARN_ENUM_CONVERSION = YES;
				CLANG_WARN_INFINITE_RECURSION = YES;
				CLANG_WARN_INT_CONVERSION = YES;
				CLANG_WARN_NON_LITERAL_NULL_CONVERSION = YES;
				CLANG_WARN_OBJC_IMPLICIT_RETAIN_SELF = YES;
				CLANG_WARN_OBJC_LITERAL_CONVERSION = YES;
				CLANG_WARN_OBJC_ROOT_CLASS = YES_ERROR;
				CLANG_WARN_RANGE_LOOP_ANALYSIS = YES;
				CLANG_WARN_STRICT_PROTOTYPES = YES;
				CLANG_WARN_SUSPICIOUS_MOVE = YES;
				CLANG_WARN_UNGUARDED_AVAILABILITY = YES_AGGRESSIVE;
				CLANG_WARN_UNREACHABLE_CODE = YES;
				CLANG_WARN__DUPLICATE_METHOD_MATCH = YES;
				CODE_SIGN_IDENTITY = "iPhone Developer";
				COPY_PHASE_STRIP = NO;
				DEBUG_INFORMATION_FORMAT = "dwarf-with-dsym";
				ENABLE_NS_ASSERTIONS = NO;
				ENABLE_STRICT_OBJC_MSGSEND = YES;
				GCC_C_LANGUAGE_STANDARD = gnu11;
				GCC_NO_COMMON_BLOCKS = YES;
				GCC_WARN_64_TO_32_BIT_CONVERSION = YES;
				GCC_WARN_ABOUT_RETURN_TYPE = YES_ERROR;
				GCC_WARN_UNDECLARED_SELECTOR = YES;
				GCC_WARN_UNINITIALIZED_AUTOS = YES_AGGRESSIVE;
				GCC_WARN_UNUSED_FUNCTION = YES;
				GCC_WARN_UNUSED_VARIABLE = YES;
				IPHONEOS_DEPLOYMENT_TARGET = 12.2;
				MTL_ENABLE_DEBUG_INFO = NO;
				MTL_FAST_MATH = YES;
				SDKROOT = iphoneos;
				SWIFT_COMPILATION_MODE = wholemodule;
				SWIFT_OPTIMIZATION_LEVEL = "-O";
				VALIDATE_PRODUCT = YES;
			};
			name = Release;
		};
		1FADA49722A36D7700F9EFA5 /* Debug */ = {
			isa = XCBuildConfiguration;
			buildSettings = {
				ASSETCATALOG_COMPILER_APPICON_NAME = AppIcon;
				CODE_SIGN_STYLE = Automatic;
				DEVELOPMENT_TEAM = TQPTGGXQ34;
				INFOPLIST_FILE = Milestone10/Info.plist;
				LD_RUNPATH_SEARCH_PATHS = (
					"$(inherited)",
					"@executable_path/Frameworks",
				);
				PRODUCT_BUNDLE_IDENTIFIER = com.shawnbierman.Milestone10;
				PRODUCT_NAME = "$(TARGET_NAME)";
				SWIFT_VERSION = 5.0;
				TARGETED_DEVICE_FAMILY = 2;
			};
			name = Debug;
		};
		1FADA49822A36D7700F9EFA5 /* Release */ = {
			isa = XCBuildConfiguration;
			buildSettings = {
				ASSETCATALOG_COMPILER_APPICON_NAME = AppIcon;
				CODE_SIGN_STYLE = Automatic;
				DEVELOPMENT_TEAM = TQPTGGXQ34;
				INFOPLIST_FILE = Milestone10/Info.plist;
				LD_RUNPATH_SEARCH_PATHS = (
					"$(inherited)",
					"@executable_path/Frameworks",
				);
				PRODUCT_BUNDLE_IDENTIFIER = com.shawnbierman.Milestone10;
				PRODUCT_NAME = "$(TARGET_NAME)";
				SWIFT_VERSION = 5.0;
				TARGETED_DEVICE_FAMILY = 2;
			};
			name = Release;
		};
/* End XCBuildConfiguration section */

/* Begin XCConfigurationList section */
		1FADA47F22A36D7600F9EFA5 /* Build configuration list for PBXProject "Milestone10" */ = {
			isa = XCConfigurationList;
			buildConfigurations = (
				1FADA49422A36D7700F9EFA5 /* Debug */,
				1FADA49522A36D7700F9EFA5 /* Release */,
			);
			defaultConfigurationIsVisible = 0;
			defaultConfigurationName = Release;
		};
		1FADA49622A36D7700F9EFA5 /* Build configuration list for PBXNativeTarget "Milestone10" */ = {
			isa = XCConfigurationList;
			buildConfigurations = (
				1FADA49722A36D7700F9EFA5 /* Debug */,
				1FADA49822A36D7700F9EFA5 /* Release */,
			);
			defaultConfigurationIsVisible = 0;
			defaultConfigurationName = Release;
		};
/* End XCConfigurationList section */
	};
	rootObject = 1FADA47C22A36D7600F9EFA5 /* Project object */;
}
